
Microsoft Visual Studio Solution File, Format Version 12.00
# Visual Studio Version 17
VisualStudioVersion = 17.5.33530.505
MinimumVisualStudioVersion = 10.0.40219.1
Project("{FAE04EC0-301F-11D3-BF4B-00C04F79EFBC}") = "File", "File\File.csproj", "{BE895A05-7B7D-42E7-8E5E-E3064984E9D1}"
EndProject
Global
	GlobalSection(SolutionConfigurationPlatforms) = preSolution
		Debug|Any CPU = Debug|Any CPU
		Release|Any CPU = Release|Any CPU
	EndGlobalSection
	GlobalSection(ProjectConfigurationPlatforms) = postSolution
		{BE895A05-7B7D-42E7-8E5E-E3064984E9D1}.Debug|Any CPU.ActiveCfg = Debug|Any CPU
		{BE895A05-7B7D-42E7-8E5E-E3064984E9D1}.Debug|Any CPU.Build.0 = Debug|Any CPU
		{BE895A05-7B7D-42E7-8E5E-E3064984E9D1}.Release|Any CPU.ActiveCfg = Release|Any CPU
		{BE895A05-7B7D-42E7-8E5E-E3064984E9D1}.Release|Any CPU.Build.0 = Release|Any CPU
	EndGlobalSection
	GlobalSection(SolutionProperties) = preSolution
		HideSolutionNode = FALSE
	EndGlobalSection
	GlobalSection(ExtensibilityGlobals) = postSolution
		SolutionGuid = {A7E1D3AA-AA8D-4F1D-A9C1-8B503D581069}
	EndGlobalSection
EndGlobal
